{
  "name": "ezp-demo",
  "version": "1.0.0",
  "lockfileVersion": 1,
  "requires": true,
  "dependencies": {
    "ezp": {
      "version": "1.0.0",
      "resolved": "https://registry.npmjs.org/ezp/-/ezp-1.0.0.tgz",
      "integrity": "sha512-zp3+8imYV2TjNyXGsnMI7qTO0QU0mnpU2KftYb064mEDOYoD/HeFYXM0vCLkPW23CS8KkkQ+m7IbYGpzw4n8BQ=="
    }
  }
}
